
Microsoft Visual Studio Solution File, Format Version 12.00
# Visual Studio Version 17
VisualStudioVersion = 17.4.33103.184
MinimumVisualStudioVersion = 10.0.40219.1
Project("{9A19103F-16F7-4668-BE54-9A1E7A4F7556}") = "CourseManagement", "CourseManagement\CourseManagement.csproj", "{5C680C3D-07C1-4C01-8F1C-EA93FD80E437}"
EndProject
Project("{9A19103F-16F7-4668-BE54-9A1E7A4F7556}") = "CourseManagementCore", "CourseManagementCore\CourseManagementCore.csproj", "{586107D9-C22B-4796-8707-AB33207E18E8}"
EndProject
Project("{FAE04EC0-301F-11D3-BF4B-00C04F79EFBC}") = "CourseManagementEFCore", "CourseManagementEFCore\CourseManagementEFCore.csproj", "{3F1DA152-5A82-45E5-8BE0-268A7C82B9FF}"
EndProject
Global
	GlobalSection(SolutionConfigurationPlatforms) = preSolution
		Debug|Any CPU = Debug|Any CPU
		Release|Any CPU = Release|Any CPU
	EndGlobalSection
	GlobalSection(ProjectConfigurationPlatforms) = postSolution
		{5C680C3D-07C1-4C01-8F1C-EA93FD80E437}.Debug|Any CPU.ActiveCfg = Debug|Any CPU
		{5C680C3D-07C1-4C01-8F1C-EA93FD80E437}.Debug|Any CPU.Build.0 = Debug|Any CPU
		{5C680C3D-07C1-4C01-8F1C-EA93FD80E437}.Release|Any CPU.ActiveCfg = Release|Any CPU
		{5C680C3D-07C1-4C01-8F1C-EA93FD80E437}.Release|Any CPU.Build.0 = Release|Any CPU
		{586107D9-C22B-4796-8707-AB33207E18E8}.Debug|Any CPU.ActiveCfg = Debug|Any CPU
		{586107D9-C22B-4796-8707-AB33207E18E8}.Debug|Any CPU.Build.0 = Debug|Any CPU
		{586107D9-C22B-4796-8707-AB33207E18E8}.Release|Any CPU.ActiveCfg = Release|Any CPU
		{586107D9-C22B-4796-8707-AB33207E18E8}.Release|Any CPU.Build.0 = Release|Any CPU
		{3F1DA152-5A82-45E5-8BE0-268A7C82B9FF}.Debug|Any CPU.ActiveCfg = Debug|Any CPU
		{3F1DA152-5A82-45E5-8BE0-268A7C82B9FF}.Debug|Any CPU.Build.0 = Debug|Any CPU
		{3F1DA152-5A82-45E5-8BE0-268A7C82B9FF}.Release|Any CPU.ActiveCfg = Release|Any CPU
		{3F1DA152-5A82-45E5-8BE0-268A7C82B9FF}.Release|Any CPU.Build.0 = Release|Any CPU
	EndGlobalSection
	GlobalSection(SolutionProperties) = preSolution
		HideSolutionNode = FALSE
	EndGlobalSection
	GlobalSection(ExtensibilityGlobals) = postSolution
		SolutionGuid = {B61DED60-11C3-4354-B16F-C8651AFE4CC5}
	EndGlobalSection
EndGlobal
